<?xml version="1.0" encoding="utf-8"?>
<Project ToolsVersion="4.0" xmlns="http://schemas.microsoft.com/developer/msbuild/2003">
  <ItemGroup>
    <ClCompile Include="game.cpp" />
    <ClCompile Include="InputManager.cpp">
      <Filter>Managers</Filter>
    </ClCompile>
    <ClCompile Include="openGLFramework.cpp">
      <Filter>OpenGL Framework</Filter>
    </ClCompile>
    <ClCompile Include="openGLStuff.cpp">
      <Filter>OpenGL Framework</Filter>
    </ClCompile>
    <ClCompile Include="random.cpp">
      <Filter>Utils</Filter>
    </ClCompile>
    <ClCompile Include="physics.cpp">
      <Filter>Utils</Filter>
    </ClCompile>
    <ClCompile Include="BackgroundManager.cpp">
      <Filter>Managers</Filter>
    </ClCompile>
    <ClCompile Include="PlayerManager.cpp">
      <Filter>Managers</Filter>
    </ClCompile>
    <ClCompile Include="tinystr.cpp" />
    <ClCompile Include="tinyxml.cpp" />
    <ClCompile Include="tinyxmlerror.cpp" />
    <ClCompile Include="tinyxmlparser.cpp" />
    <ClCompile Include="DiscManagerC.cpp">
      <Filter>Managers</Filter>
    </ClCompile>
    <ClCompile Include="Renderer.cpp">
      <Filter>Managers</Filter>
    </ClCompile>
    <ClCompile Include="CameraManagerC.cpp">
      <Filter>Managers</Filter>
    </ClCompile>
    <ClCompile Include="CollisionManager.cpp">
      <Filter>Managers</Filter>
    </ClCompile>
    <ClCompile Include="ScoreManager.cpp">
      <Filter>Managers</Filter>
    </ClCompile>
    <ClCompile Include="MainMenuManager.cpp">
      <Filter>Managers</Filter>
    </ClCompile>
    <ClCompile Include="SoundManager.cpp">
      <Filter>Managers</Filter>
    </ClCompile>
    <ClCompile Include="GameOverManager.cpp">
      <Filter>Managers</Filter>
    </ClCompile>
    <ClCompile Include="LevelLoader.cpp">
      <Filter>Managers</Filter>
    </ClCompile>
    <ClCompile Include="PrincessManager.cpp">
      <Filter>Managers</Filter>
    </ClCompile>
    <ClCompile Include="FontManager.cpp">
      <Filter>Managers</Filter>
    </ClCompile>
    <ClCompile Include="Collectible.cpp">
      <Filter>Entities</Filter>
    </ClCompile>
    <ClCompile Include="LevelTextManager.cpp">
      <Filter>Managers</Filter>
    </ClCompile>
  </ItemGroup>
  <ItemGroup>
    <ClInclude Include="game.h" />
    <ClInclude Include="baseTypes.h">
      <Filter>Structures</Filter>
    </ClInclude>
    <ClInclude Include="openGLFramework.h">
      <Filter>OpenGL Framework</Filter>
    </ClInclude>
    <ClInclude Include="openGLStuff.h">
      <Filter>OpenGL Framework</Filter>
    </ClInclude>
    <ClInclude Include="random.h">
      <Filter>Utils</Filter>
    </ClInclude>
    <ClInclude Include="SOIL.h">
      <Filter>OpenGL Framework</Filter>
    </ClInclude>
    <ClInclude Include="types.h">
      <Filter>Structures</Filter>
    </ClInclude>
    <ClInclude Include="InputManager.h">
      <Filter>Managers</Filter>
    </ClInclude>
    <ClInclude Include="physics.h">
      <Filter>Utils</Filter>
    </ClInclude>
    <ClInclude Include="BackgroundManager.h">
      <Filter>Managers</Filter>
    </ClInclude>
    <ClInclude Include="PlayerManager.h">
      <Filter>Managers</Filter>
    </ClInclude>
    <ClInclude Include="tinystr.h" />
    <ClInclude Include="tinyxml.h" />
    <ClInclude Include="DiscManagerC.h">
      <Filter>Managers</Filter>
    </ClInclude>
    <ClInclude Include="LinkedList.h">
      <Filter>Structures</Filter>
    </ClInclude>
    <ClInclude Include="Queue.h">
      <Filter>Structures</Filter>
    </ClInclude>
    <ClInclude Include="Stack.h">
      <Filter>Structures</Filter>
    </ClInclude>
    <ClInclude Include="Renderer.h">
      <Filter>Managers</Filter>
    </ClInclude>
    <ClInclude Include="Constants.h">
      <Filter>Managers</Filter>
    </ClInclude>
    <ClInclude Include="CameraManager.h">
      <Filter>Managers</Filter>
    </ClInclude>
    <ClInclude Include="CollisionManager.h">
      <Filter>Managers</Filter>
    </ClInclude>
    <ClInclude Include="ScoreManager.h">
      <Filter>Managers</Filter>
    </ClInclude>
    <ClInclude Include="MainMenuManager.h">
      <Filter>Managers</Filter>
    </ClInclude>
    <ClInclude Include="SoundManager.h">
      <Filter>Managers</Filter>
    </ClInclude>
    <ClInclude Include="GameOverManager.h">
      <Filter>Managers</Filter>
    </ClInclude>
    <ClInclude Include="LevelLoader.h">
      <Filter>Managers</Filter>
    </ClInclude>
    <ClInclude Include="PrincessMaanger.h">
      <Filter>Managers</Filter>
    </ClInclude>
    <ClInclude Include="FontManager.h">
      <Filter>Managers</Filter>
    </ClInclude>
    <ClInclude Include="Collectible.h">
      <Filter>Entities</Filter>
    </ClInclude>
    <ClInclude Include="LevelTextManager.h">
      <Filter>Managers</Filter>
    </ClInclude>
  </ItemGroup>
  <ItemGroup>
    <Filter Include="Managers">
      <UniqueIdentifier>{fb657e28-2c18-4fd4-b368-db1aaba98b5f}</UniqueIdentifier>
    </Filter>
    <Filter Include="Entities">
      <UniqueIdentifier>{afee23a3-ac71-4653-bd54-4c52cc496747}</UniqueIdentifier>
    </Filter>
    <Filter Include="Structures">
      <UniqueIdentifier>{64e91791-0b8c-4156-a78e-983e7470ad19}</UniqueIdentifier>
    </Filter>
    <Filter Include="OpenGL Framework">
      <UniqueIdentifier>{1d491520-60c0-4425-94d9-c2793f6bcf2d}</UniqueIdentifier>
    </Filter>
    <Filter Include="Utils">
      <UniqueIdentifier>{b51002ee-b7cd-4ef3-81fe-449d54a03be6}</UniqueIdentifier>
    </Filter>
  </ItemGroup>
</Project>