
Microsoft Visual Studio Solution File, Format Version 11.00
# Visual Studio 2012
Project("{8BC9CEB8-8B4A-11D0-8D11-00A0C91BC942}") = "3d", "3d.vcxproj", "{C556A564-C940-43DB-99E9-43524B537F95}"
EndProject
Project("{8BC9CEB8-8B4A-11D0-8D11-00A0C91BC942}") = "event_parameter", "event_parameter.vcxproj", "{71EBEE90-1527-4CD2-B1BA-AB38BDDF4B70}"
EndProject
Project("{8BC9CEB8-8B4A-11D0-8D11-00A0C91BC942}") = "load_banks", "load_banks.vcxproj", "{B4AABB68-7B52-44A9-A813-A0E57022AACD}"
EndProject
Project("{8BC9CEB8-8B4A-11D0-8D11-00A0C91BC942}") = "music_callbacks", "music_callbacks.vcxproj", "{8197C1E4-F52C-4C23-907F-FAF153A513BD}"
EndProject
Project("{8BC9CEB8-8B4A-11D0-8D11-00A0C91BC942}") = "programmer_sound", "programmer_sound.vcxproj", "{0A357587-7CF3-405A-A235-B9C2585B9F86}"
EndProject
Project("{8BC9CEB8-8B4A-11D0-8D11-00A0C91BC942}") = "recording_playback", "recording_playback.vcxproj", "{EC8A304A-479A-4540-9BAC-D91C75314A78}"
EndProject
Project("{8BC9CEB8-8B4A-11D0-8D11-00A0C91BC942}") = "simple_event", "simple_event.vcxproj", "{CF07AEAE-8710-46E4-81F9-482C05AB6D18}"
EndProject
Global
	GlobalSection(SolutionConfigurationPlatforms) = preSolution
		Debug|Win32 = Debug|Win32
		Debug|x64 = Debug|x64
		Release|Win32 = Release|Win32
		Release|x64 = Release|x64
	EndGlobalSection
	GlobalSection(ProjectConfigurationPlatforms) = postSolution
		{C556A564-C940-43DB-99E9-43524B537F95}.Debug|Win32.ActiveCfg = Debug|Win32
		{C556A564-C940-43DB-99E9-43524B537F95}.Debug|Win32.Build.0 = Debug|Win32
		{C556A564-C940-43DB-99E9-43524B537F95}.Debug|Win32.Deploy.0 = Debug|Win32
		{C556A564-C940-43DB-99E9-43524B537F95}.Debug|x64.ActiveCfg = Debug|x64
		{C556A564-C940-43DB-99E9-43524B537F95}.Debug|x64.Build.0 = Debug|x64
		{C556A564-C940-43DB-99E9-43524B537F95}.Debug|x64.Deploy.0 = Debug|x64
		{C556A564-C940-43DB-99E9-43524B537F95}.Release|Win32.ActiveCfg = Release|Win32
		{C556A564-C940-43DB-99E9-43524B537F95}.Release|Win32.Build.0 = Release|Win32
		{C556A564-C940-43DB-99E9-43524B537F95}.Release|Win32.Deploy.0 = Release|Win32
		{C556A564-C940-43DB-99E9-43524B537F95}.Release|x64.ActiveCfg = Release|x64
		{C556A564-C940-43DB-99E9-43524B537F95}.Release|x64.Build.0 = Release|x64
		{C556A564-C940-43DB-99E9-43524B537F95}.Release|x64.Deploy.0 = Release|x64
		{71EBEE90-1527-4CD2-B1BA-AB38BDDF4B70}.Debug|Win32.ActiveCfg = Debug|Win32
		{71EBEE90-1527-4CD2-B1BA-AB38BDDF4B70}.Debug|Win32.Build.0 = Debug|Win32
		{71EBEE90-1527-4CD2-B1BA-AB38BDDF4B70}.Debug|Win32.Deploy.0 = Debug|Win32
		{71EBEE90-1527-4CD2-B1BA-AB38BDDF4B70}.Debug|x64.ActiveCfg = Debug|x64
		{71EBEE90-1527-4CD2-B1BA-AB38BDDF4B70}.Debug|x64.Build.0 = Debug|x64
		{71EBEE90-1527-4CD2-B1BA-AB38BDDF4B70}.Debug|x64.Deploy.0 = Debug|x64
		{71EBEE90-1527-4CD2-B1BA-AB38BDDF4B70}.Release|Win32.ActiveCfg = Release|Win32
		{71EBEE90-1527-4CD2-B1BA-AB38BDDF4B70}.Release|Win32.Build.0 = Release|Win32
		{71EBEE90-1527-4CD2-B1BA-AB38BDDF4B70}.Release|Win32.Deploy.0 = Release|Win32
		{71EBEE90-1527-4CD2-B1BA-AB38BDDF4B70}.Release|x64.ActiveCfg = Release|x64
		{71EBEE90-1527-4CD2-B1BA-AB38BDDF4B70}.Release|x64.Build.0 = Release|x64
		{71EBEE90-1527-4CD2-B1BA-AB38BDDF4B70}.Release|x64.Deploy.0 = Release|x64
		{B4AABB68-7B52-44A9-A813-A0E57022AACD}.Debug|Win32.ActiveCfg = Debug|Win32
		{B4AABB68-7B52-44A9-A813-A0E57022AACD}.Debug|Win32.Build.0 = Debug|Win32
		{B4AABB68-7B52-44A9-A813-A0E57022AACD}.Debug|Win32.Deploy.0 = Debug|Win32
		{B4AABB68-7B52-44A9-A813-A0E57022AACD}.Debug|x64.ActiveCfg = Debug|x64
		{B4AABB68-7B52-44A9-A813-A0E57022AACD}.Debug|x64.Build.0 = Debug|x64
		{B4AABB68-7B52-44A9-A813-A0E57022AACD}.Debug|x64.Deploy.0 = Debug|x64
		{B4AABB68-7B52-44A9-A813-A0E57022AACD}.Release|Win32.ActiveCfg = Release|Win32
		{B4AABB68-7B52-44A9-A813-A0E57022AACD}.Release|Win32.Build.0 = Release|Win32
		{B4AABB68-7B52-44A9-A813-A0E57022AACD}.Release|Win32.Deploy.0 = Release|Win32
		{B4AABB68-7B52-44A9-A813-A0E57022AACD}.Release|x64.ActiveCfg = Release|x64
		{B4AABB68-7B52-44A9-A813-A0E57022AACD}.Release|x64.Build.0 = Release|x64
		{B4AABB68-7B52-44A9-A813-A0E57022AACD}.Release|x64.Deploy.0 = Release|x64
		{8197C1E4-F52C-4C23-907F-FAF153A513BD}.Debug|Win32.ActiveCfg = Debug|Win32
		{8197C1E4-F52C-4C23-907F-FAF153A513BD}.Debug|Win32.Build.0 = Debug|Win32
		{8197C1E4-F52C-4C23-907F-FAF153A513BD}.Debug|Win32.Deploy.0 = Debug|Win32
		{8197C1E4-F52C-4C23-907F-FAF153A513BD}.Debug|x64.ActiveCfg = Debug|x64
		{8197C1E4-F52C-4C23-907F-FAF153A513BD}.Debug|x64.Build.0 = Debug|x64
		{8197C1E4-F52C-4C23-907F-FAF153A513BD}.Debug|x64.Deploy.0 = Debug|x64
		{8197C1E4-F52C-4C23-907F-FAF153A513BD}.Release|Win32.ActiveCfg = Release|Win32
		{8197C1E4-F52C-4C23-907F-FAF153A513BD}.Release|Win32.Build.0 = Release|Win32
		{8197C1E4-F52C-4C23-907F-FAF153A513BD}.Release|Win32.Deploy.0 = Release|Win32
		{8197C1E4-F52C-4C23-907F-FAF153A513BD}.Release|x64.ActiveCfg = Release|x64
		{8197C1E4-F52C-4C23-907F-FAF153A513BD}.Release|x64.Build.0 = Release|x64
		{8197C1E4-F52C-4C23-907F-FAF153A513BD}.Release|x64.Deploy.0 = Release|x64
		{0A357587-7CF3-405A-A235-B9C2585B9F86}.Debug|Win32.ActiveCfg = Debug|Win32
		{0A357587-7CF3-405A-A235-B9C2585B9F86}.Debug|Win32.Build.0 = Debug|Win32
		{0A357587-7CF3-405A-A235-B9C2585B9F86}.Debug|Win32.Deploy.0 = Debug|Win32
		{0A357587-7CF3-405A-A235-B9C2585B9F86}.Debug|x64.ActiveCfg = Debug|x64
		{0A357587-7CF3-405A-A235-B9C2585B9F86}.Debug|x64.Build.0 = Debug|x64
		{0A357587-7CF3-405A-A235-B9C2585B9F86}.Debug|x64.Deploy.0 = Debug|x64
		{0A357587-7CF3-405A-A235-B9C2585B9F86}.Release|Win32.ActiveCfg = Release|Win32
		{0A357587-7CF3-405A-A235-B9C2585B9F86}.Release|Win32.Build.0 = Release|Win32
		{0A357587-7CF3-405A-A235-B9C2585B9F86}.Release|Win32.Deploy.0 = Release|Win32
		{0A357587-7CF3-405A-A235-B9C2585B9F86}.Release|x64.ActiveCfg = Release|x64
		{0A357587-7CF3-405A-A235-B9C2585B9F86}.Release|x64.Build.0 = Release|x64
		{0A357587-7CF3-405A-A235-B9C2585B9F86}.Release|x64.Deploy.0 = Release|x64
		{EC8A304A-479A-4540-9BAC-D91C75314A78}.Debug|Win32.ActiveCfg = Debug|Win32
		{EC8A304A-479A-4540-9BAC-D91C75314A78}.Debug|Win32.Build.0 = Debug|Win32
		{EC8A304A-479A-4540-9BAC-D91C75314A78}.Debug|Win32.Deploy.0 = Debug|Win32
		{EC8A304A-479A-4540-9BAC-D91C75314A78}.Debug|x64.ActiveCfg = Debug|x64
		{EC8A304A-479A-4540-9BAC-D91C75314A78}.Debug|x64.Build.0 = Debug|x64
		{EC8A304A-479A-4540-9BAC-D91C75314A78}.Debug|x64.Deploy.0 = Debug|x64
		{EC8A304A-479A-4540-9BAC-D91C75314A78}.Release|Win32.ActiveCfg = Release|Win32
		{EC8A304A-479A-4540-9BAC-D91C75314A78}.Release|Win32.Build.0 = Release|Win32
		{EC8A304A-479A-4540-9BAC-D91C75314A78}.Release|Win32.Deploy.0 = Release|Win32
		{EC8A304A-479A-4540-9BAC-D91C75314A78}.Release|x64.ActiveCfg = Release|x64
		{EC8A304A-479A-4540-9BAC-D91C75314A78}.Release|x64.Build.0 = Release|x64
		{EC8A304A-479A-4540-9BAC-D91C75314A78}.Release|x64.Deploy.0 = Release|x64
		{CF07AEAE-8710-46E4-81F9-482C05AB6D18}.Debug|Win32.ActiveCfg = Debug|Win32
		{CF07AEAE-8710-46E4-81F9-482C05AB6D18}.Debug|Win32.Build.0 = Debug|Win32
		{CF07AEAE-8710-46E4-81F9-482C05AB6D18}.Debug|Win32.Deploy.0 = Debug|Win32
		{CF07AEAE-8710-46E4-81F9-482C05AB6D18}.Debug|x64.ActiveCfg = Debug|x64
		{CF07AEAE-8710-46E4-81F9-482C05AB6D18}.Debug|x64.Build.0 = Debug|x64
		{CF07AEAE-8710-46E4-81F9-482C05AB6D18}.Debug|x64.Deploy.0 = Debug|x64
		{CF07AEAE-8710-46E4-81F9-482C05AB6D18}.Release|Win32.ActiveCfg = Release|Win32
		{CF07AEAE-8710-46E4-81F9-482C05AB6D18}.Release|Win32.Build.0 = Release|Win32
		{CF07AEAE-8710-46E4-81F9-482C05AB6D18}.Release|Win32.Deploy.0 = Release|Win32
		{CF07AEAE-8710-46E4-81F9-482C05AB6D18}.Release|x64.ActiveCfg = Release|x64
		{CF07AEAE-8710-46E4-81F9-482C05AB6D18}.Release|x64.Build.0 = Release|x64
		{CF07AEAE-8710-46E4-81F9-482C05AB6D18}.Release|x64.Deploy.0 = Release|x64
	EndGlobalSection
	GlobalSection(SolutionProperties) = preSolution
		HideSolutionNode = FALSE
	EndGlobalSection
EndGlobal
